
Microsoft Visual Studio Solution File, Format Version 12.00
# Visual Studio Version 16
VisualStudioVersion = 16.0.30517.126
MinimumVisualStudioVersion = 10.0.40219.1
Project("{FAE04EC0-301F-11D3-BF4B-00C04F79EFBC}") = "Functions", "Functions\Functions.csproj", "{772D05EE-54DE-4B51-96CE-AE2E78B6B1C1}"
EndProject
Project("{FAE04EC0-301F-11D3-BF4B-00C04F79EFBC}") = "Calculator", "Calculator\Calculator.csproj", "{AC9980FB-065C-4B38-8618-34D09B121460}"
EndProject
Global
	GlobalSection(SolutionConfigurationPlatforms) = preSolution
		Debug|Any CPU = Debug|Any CPU
		Release|Any CPU = Release|Any CPU
	EndGlobalSection
	GlobalSection(ProjectConfigurationPlatforms) = postSolution
		{772D05EE-54DE-4B51-96CE-AE2E78B6B1C1}.Debug|Any CPU.ActiveCfg = Debug|Any CPU
		{772D05EE-54DE-4B51-96CE-AE2E78B6B1C1}.Debug|Any CPU.Build.0 = Debug|Any CPU
		{772D05EE-54DE-4B51-96CE-AE2E78B6B1C1}.Release|Any CPU.ActiveCfg = Release|Any CPU
		{772D05EE-54DE-4B51-96CE-AE2E78B6B1C1}.Release|Any CPU.Build.0 = Release|Any CPU
		{AC9980FB-065C-4B38-8618-34D09B121460}.Debug|Any CPU.ActiveCfg = Debug|Any CPU
		{AC9980FB-065C-4B38-8618-34D09B121460}.Debug|Any CPU.Build.0 = Debug|Any CPU
		{AC9980FB-065C-4B38-8618-34D09B121460}.Release|Any CPU.ActiveCfg = Release|Any CPU
		{AC9980FB-065C-4B38-8618-34D09B121460}.Release|Any CPU.Build.0 = Release|Any CPU
	EndGlobalSection
	GlobalSection(SolutionProperties) = preSolution
		HideSolutionNode = FALSE
	EndGlobalSection
	GlobalSection(ExtensibilityGlobals) = postSolution
		SolutionGuid = {A1D4AD79-FEF9-41CD-AD3F-26AB2EFE30AF}
	EndGlobalSection
EndGlobal
